{
  "markbot": "3f3d3c83c144bd99f305b0d61c523a2306d0ca3494e0b2dd5f413cd0a9fa3f6e",
  "markbotignore": "030a4e6e1b3b6b510514a7ae54576e2c2ef762d56236c6414ef634955d96a126",
  "index.html": "9998904099f35f773eb32f59e3e5f9fd9da8375c515b103f6ee504144b8cb887",
  "index-320.png": "9164cbc65ba9114fa4b481dc53866276aebe79383cea2b3ab80bcede92ecfd6c"
}